# @generated by Move, please check-in and do not edit manually.

[move]
version = 3
manifest_digest = "F7D6C3DFE63B2751FF1942B7DC7045E9550720B7333F2649639E1CDC4E9FB3A1"
deps_digest = "F8BBB0CCB2491CA29A3DF03D6F92277A4F3574266507ACD77214D37ECA3F3082"
dependencies = [
  { id = "Iota", name = "Iota" },
]

[[move.package]]
id = "Iota"
source = { git = "https://github.com/iotaledger/iota.git", rev = "testnet", subdir = "crates/iota-framework/packages/iota-framework" }

dependencies = [
  { id = "MoveStdlib", name = "MoveStdlib" },
]

[[move.package]]
id = "MoveStdlib"
source = { git = "https://github.com/iotaledger/iota.git", rev = "testnet", subdir = "crates/iota-framework/packages/move-stdlib" }

[move.toolchain-version]
compiler-version = "1.12.0-rc"
edition = "2024.beta"
flavor = "iota"

[env]

[env.devnet]
chain-id = "e678123a"
original-published-id = "0x1d85a6ff9cd06479bf0fefe6a31a109498e9a98f2bb5296509ad2047328a7637"
latest-published-id = "0x1d85a6ff9cd06479bf0fefe6a31a109498e9a98f2bb5296509ad2047328a7637"
published-version = "1"
